<?xml version="1.0" encoding="utf-8"?>
<Project ToolsVersion="4.0" xmlns="http://schemas.microsoft.com/developer/msbuild/2003">
  <ItemGroup>
    <Filter Include="Source Files">
      <UniqueIdentifier>{4FC737F1-C7A5-4376-A066-2A32D752A2FF}</UniqueIdentifier>
      <Extensions>cpp;c;cxx;def;odl;idl;hpj;bat;asm;asmx</Extensions>
    </Filter>
    <Filter Include="Header Files">
      <UniqueIdentifier>{93995380-89BD-4b04-88EB-625FBE52EBFB}</UniqueIdentifier>
      <Extensions>h;hpp;hxx;hm;inl;inc;xsd</Extensions>
    </Filter>
  </ItemGroup>
  <ItemGroup>
    <ClCompile Include="AnimationPlayer.cpp">
      <Filter>Source Files</Filter>
    </ClCompile>
    <ClCompile Include="Canvas.cpp">
      <Filter>Source Files</Filter>
    </ClCompile>
    <ClCompile Include="FapCantonese.cpp">
      <Filter>Source Files</Filter>
    </ClCompile>
    <ClCompile Include="FapMandarin.cpp">
      <Filter>Source Files</Filter>
    </ClCompile>
    <ClCompile Include="FapTTVS.cpp">
      <Filter>Source Files</Filter>
    </ClCompile>
    <ClCompile Include="HeadMovement.cpp">
      <Filter>Source Files</Filter>
    </ClCompile>
    <ClCompile Include="OpenGL.cpp">
      <Filter>Source Files</Filter>
    </ClCompile>
    <ClCompile Include="OpenGLBmp.cpp">
      <Filter>Source Files</Filter>
    </ClCompile>
    <ClCompile Include="OpenGLW.cpp">
      <Filter>Source Files</Filter>
    </ClCompile>
    <ClCompile Include="TalkingHead3D.cpp">
      <Filter>Source Files</Filter>
    </ClCompile>
    <ClCompile Include="TalkingHeadConcatenate.cpp">
      <Filter>Source Files</Filter>
    </ClCompile>
    <ClCompile Include="FapEnglish.cpp">
      <Filter>Source Files</Filter>
    </ClCompile>
  </ItemGroup>
  <ItemGroup>
    <ClInclude Include="AnimationPlayer.h">
      <Filter>Header Files</Filter>
    </ClInclude>
    <ClInclude Include="Canvas.h">
      <Filter>Header Files</Filter>
    </ClInclude>
    <ClInclude Include="FapCantonese.h">
      <Filter>Header Files</Filter>
    </ClInclude>
    <ClInclude Include="FapMandarin.h">
      <Filter>Header Files</Filter>
    </ClInclude>
    <ClInclude Include="FapTTVS.h">
      <Filter>Header Files</Filter>
    </ClInclude>
    <ClInclude Include="HeadMovement.h">
      <Filter>Header Files</Filter>
    </ClInclude>
    <ClInclude Include="OpenGL.h">
      <Filter>Header Files</Filter>
    </ClInclude>
    <ClInclude Include="OpenGLBmp.h">
      <Filter>Header Files</Filter>
    </ClInclude>
    <ClInclude Include="OpenGLW.h">
      <Filter>Header Files</Filter>
    </ClInclude>
    <ClInclude Include="TalkingHead.h">
      <Filter>Header Files</Filter>
    </ClInclude>
    <ClInclude Include="TalkingHead3D.h">
      <Filter>Header Files</Filter>
    </ClInclude>
    <ClInclude Include="TalkingHeadConcatenate.h">
      <Filter>Header Files</Filter>
    </ClInclude>
    <ClInclude Include="FapEnglish.h">
      <Filter>Header Files</Filter>
    </ClInclude>
  </ItemGroup>
</Project>